
Microsoft Visual Studio Solution File, Format Version 12.00
# Visual Studio Version 17
VisualStudioVersion = 17.6.33723.286
MinimumVisualStudioVersion = 10.0.40219.1
Project("{FAE04EC0-301F-11D3-BF4B-00C04F79EFBC}") = "Project", "Project.csproj", "{961BC6B1-0156-46E5-9CD0-D1CF7878A604}"
EndProject
Global
	GlobalSection(SolutionConfigurationPlatforms) = preSolution
		Debug|Any CPU = Debug|Any CPU
		Release|Any CPU = Release|Any CPU
	EndGlobalSection
	GlobalSection(ProjectConfigurationPlatforms) = postSolution
		{961BC6B1-0156-46E5-9CD0-D1CF7878A604}.Debug|Any CPU.ActiveCfg = Debug|Any CPU
		{961BC6B1-0156-46E5-9CD0-D1CF7878A604}.Debug|Any CPU.Build.0 = Debug|Any CPU
		{961BC6B1-0156-46E5-9CD0-D1CF7878A604}.Release|Any CPU.ActiveCfg = Release|Any CPU
		{961BC6B1-0156-46E5-9CD0-D1CF7878A604}.Release|Any CPU.Build.0 = Release|Any CPU
	EndGlobalSection
	GlobalSection(SolutionProperties) = preSolution
		HideSolutionNode = FALSE
	EndGlobalSection
	GlobalSection(ExtensibilityGlobals) = postSolution
		SolutionGuid = {84FDF648-EF96-476A-A61D-A90BD09684DA}
	EndGlobalSection
EndGlobal
